FORGE
  remote: https://forgeapi.puppetlabs.com
  specs:
    puppetlabs-apt (4.5.1)
      puppetlabs-stdlib (< 5.0.0, >= 4.16.0)
    puppetlabs-concat (2.2.1)
      puppetlabs-stdlib (< 5.0.0, >= 4.2.0)
    puppetlabs-stdlib (4.25.1)
    puppetlabs-yumrepo_core (1.0.3)

DEPENDENCIES
  puppetlabs-apt (< 7.0.0, >= 3.0.0)
  puppetlabs-concat (< 6.0.0, >= 1.0.0)
  puppetlabs-stdlib (< 6.0.0, >= 2.4.0)
  puppetlabs-yumrepo_core (>= 1.0.3)

